
Microsoft Visual Studio Solution File, Format Version 12.00
# Visual Studio Version 17
VisualStudioVersion = 17.0.31912.275
MinimumVisualStudioVersion = 10.0.40219.1
Project("{FAE04EC0-301F-11D3-BF4B-00C04F79EFBC}") = "тест1пишистирай", "тест1пишистирай\тест1пишистирай.csproj", "{37AEEB9E-A575-49C3-9C48-68BD23C27869}"
EndProject
Global
	GlobalSection(SolutionConfigurationPlatforms) = preSolution
		Debug|Any CPU = Debug|Any CPU
		Release|Any CPU = Release|Any CPU
	EndGlobalSection
	GlobalSection(ProjectConfigurationPlatforms) = postSolution
		{37AEEB9E-A575-49C3-9C48-68BD23C27869}.Debug|Any CPU.ActiveCfg = Debug|Any CPU
		{37AEEB9E-A575-49C3-9C48-68BD23C27869}.Debug|Any CPU.Build.0 = Debug|Any CPU
		{37AEEB9E-A575-49C3-9C48-68BD23C27869}.Release|Any CPU.ActiveCfg = Release|Any CPU
		{37AEEB9E-A575-49C3-9C48-68BD23C27869}.Release|Any CPU.Build.0 = Release|Any CPU
	EndGlobalSection
	GlobalSection(SolutionProperties) = preSolution
		HideSolutionNode = FALSE
	EndGlobalSection
	GlobalSection(ExtensibilityGlobals) = postSolution
		SolutionGuid = {2CDBF771-BC2F-4B67-B9FF-16D6BF49CFC5}
	EndGlobalSection
EndGlobal
